
Microsoft Visual Studio Solution File, Format Version 12.00
# Visual Studio Version 17
VisualStudioVersion = 17.7.34031.279
MinimumVisualStudioVersion = 10.0.40219.1
Project("{9A19103F-16F7-4668-BE54-9A1E7A4F7556}") = "FireBnBWeb", "WebApplication2\FireBnBWeb.csproj", "{C55E08CB-D121-42C2-9C57-23EE73A69119}"
EndProject
Project("{9A19103F-16F7-4668-BE54-9A1E7A4F7556}") = "DataAccess", "DataAccess\DataAccess.csproj", "{E7A95572-0897-4E47-B40D-6E367A76FCAC}"
EndProject
Project("{9A19103F-16F7-4668-BE54-9A1E7A4F7556}") = "Infrastructure", "Infastructure\Infrastructure.csproj", "{8A5D7D22-5B67-4682-9C99-956478F7A4D0}"
EndProject
Project("{9A19103F-16F7-4668-BE54-9A1E7A4F7556}") = "Utility", "Utility\Utility.csproj", "{FD8384D8-38D4-4FDC-B602-1B20F1206D2E}"
EndProject
Global
	GlobalSection(SolutionConfigurationPlatforms) = preSolution
		Debug|Any CPU = Debug|Any CPU
		Release|Any CPU = Release|Any CPU
	EndGlobalSection
	GlobalSection(ProjectConfigurationPlatforms) = postSolution
		{C55E08CB-D121-42C2-9C57-23EE73A69119}.Debug|Any CPU.ActiveCfg = Debug|Any CPU
		{C55E08CB-D121-42C2-9C57-23EE73A69119}.Debug|Any CPU.Build.0 = Debug|Any CPU
		{C55E08CB-D121-42C2-9C57-23EE73A69119}.Release|Any CPU.ActiveCfg = Release|Any CPU
		{C55E08CB-D121-42C2-9C57-23EE73A69119}.Release|Any CPU.Build.0 = Release|Any CPU
		{E7A95572-0897-4E47-B40D-6E367A76FCAC}.Debug|Any CPU.ActiveCfg = Debug|Any CPU
		{E7A95572-0897-4E47-B40D-6E367A76FCAC}.Debug|Any CPU.Build.0 = Debug|Any CPU
		{E7A95572-0897-4E47-B40D-6E367A76FCAC}.Release|Any CPU.ActiveCfg = Release|Any CPU
		{E7A95572-0897-4E47-B40D-6E367A76FCAC}.Release|Any CPU.Build.0 = Release|Any CPU
		{8A5D7D22-5B67-4682-9C99-956478F7A4D0}.Debug|Any CPU.ActiveCfg = Debug|Any CPU
		{8A5D7D22-5B67-4682-9C99-956478F7A4D0}.Debug|Any CPU.Build.0 = Debug|Any CPU
		{8A5D7D22-5B67-4682-9C99-956478F7A4D0}.Release|Any CPU.ActiveCfg = Release|Any CPU
		{8A5D7D22-5B67-4682-9C99-956478F7A4D0}.Release|Any CPU.Build.0 = Release|Any CPU
		{FD8384D8-38D4-4FDC-B602-1B20F1206D2E}.Debug|Any CPU.ActiveCfg = Debug|Any CPU
		{FD8384D8-38D4-4FDC-B602-1B20F1206D2E}.Debug|Any CPU.Build.0 = Debug|Any CPU
		{FD8384D8-38D4-4FDC-B602-1B20F1206D2E}.Release|Any CPU.ActiveCfg = Release|Any CPU
		{FD8384D8-38D4-4FDC-B602-1B20F1206D2E}.Release|Any CPU.Build.0 = Release|Any CPU
	EndGlobalSection
	GlobalSection(SolutionProperties) = preSolution
		HideSolutionNode = FALSE
	EndGlobalSection
	GlobalSection(ExtensibilityGlobals) = postSolution
		SolutionGuid = {535FD5A8-1C05-4B51-A846-3CC4C95BD85B}
	EndGlobalSection
EndGlobal
